
Microsoft Visual Studio Solution File, Format Version 12.00
# Visual Studio 15
VisualStudioVersion = 15.0.28010.2048
MinimumVisualStudioVersion = 10.0.40219.1
Project("{FAE04EC0-301F-11D3-BF4B-00C04F79EFBC}") = "DataValidatorTestApp", "DataValidatorTestApp\DataValidatorTestApp.csproj", "{02384073-D445-4EF4-AB96-0CE55F60E799}"
EndProject
Global
	GlobalSection(SolutionConfigurationPlatforms) = preSolution
		Debug|Any CPU = Debug|Any CPU
		Release|Any CPU = Release|Any CPU
	EndGlobalSection
	GlobalSection(ProjectConfigurationPlatforms) = postSolution
		{02384073-D445-4EF4-AB96-0CE55F60E799}.Debug|Any CPU.ActiveCfg = Debug|Any CPU
		{02384073-D445-4EF4-AB96-0CE55F60E799}.Debug|Any CPU.Build.0 = Debug|Any CPU
		{02384073-D445-4EF4-AB96-0CE55F60E799}.Release|Any CPU.ActiveCfg = Release|Any CPU
		{02384073-D445-4EF4-AB96-0CE55F60E799}.Release|Any CPU.Build.0 = Release|Any CPU
	EndGlobalSection
	GlobalSection(SolutionProperties) = preSolution
		HideSolutionNode = FALSE
	EndGlobalSection
	GlobalSection(ExtensibilityGlobals) = postSolution
		SolutionGuid = {6A9A504E-02C8-4ACB-8558-DEBACA3CD5B1}
	EndGlobalSection
EndGlobal
